
Microsoft Visual Studio Solution File, Format Version 12.00
# Visual Studio Version 17
VisualStudioVersion = 17.8.34525.116
MinimumVisualStudioVersion = 10.0.40219.1
Project("{FAE04EC0-301F-11D3-BF4B-00C04F79EFBC}") = "Wba.ViewComponentExample.Web", "Wba.ViewComponentExample.Web\Wba.ViewComponentExample.Web.csproj", "{AA8ED640-5E68-4F42-95BC-1A63555B3D50}"
EndProject
Global
	GlobalSection(SolutionConfigurationPlatforms) = preSolution
		Debug|Any CPU = Debug|Any CPU
		Release|Any CPU = Release|Any CPU
	EndGlobalSection
	GlobalSection(ProjectConfigurationPlatforms) = postSolution
		{AA8ED640-5E68-4F42-95BC-1A63555B3D50}.Debug|Any CPU.ActiveCfg = Debug|Any CPU
		{AA8ED640-5E68-4F42-95BC-1A63555B3D50}.Debug|Any CPU.Build.0 = Debug|Any CPU
		{AA8ED640-5E68-4F42-95BC-1A63555B3D50}.Release|Any CPU.ActiveCfg = Release|Any CPU
		{AA8ED640-5E68-4F42-95BC-1A63555B3D50}.Release|Any CPU.Build.0 = Release|Any CPU
	EndGlobalSection
	GlobalSection(SolutionProperties) = preSolution
		HideSolutionNode = FALSE
	EndGlobalSection
	GlobalSection(ExtensibilityGlobals) = postSolution
		SolutionGuid = {A3844532-3FD3-4991-A28B-6E7BE03BCF70}
	EndGlobalSection
EndGlobal
